
Microsoft Visual Studio Solution File, Format Version 12.00
# Visual Studio Version 17
VisualStudioVersion = 17.4.33205.214
MinimumVisualStudioVersion = 10.0.40219.1
Project("{FAE04EC0-301F-11D3-BF4B-00C04F79EFBC}") = "Day5PracticeCode", "Day5PracticeCode\Day5PracticeCode.csproj", "{92234D4F-6662-4420-BED2-16F8BB9387AA}"
EndProject
Global
	GlobalSection(SolutionConfigurationPlatforms) = preSolution
		Debug|Any CPU = Debug|Any CPU
		Release|Any CPU = Release|Any CPU
	EndGlobalSection
	GlobalSection(ProjectConfigurationPlatforms) = postSolution
		{92234D4F-6662-4420-BED2-16F8BB9387AA}.Debug|Any CPU.ActiveCfg = Debug|Any CPU
		{92234D4F-6662-4420-BED2-16F8BB9387AA}.Debug|Any CPU.Build.0 = Debug|Any CPU
		{92234D4F-6662-4420-BED2-16F8BB9387AA}.Release|Any CPU.ActiveCfg = Release|Any CPU
		{92234D4F-6662-4420-BED2-16F8BB9387AA}.Release|Any CPU.Build.0 = Release|Any CPU
	EndGlobalSection
	GlobalSection(SolutionProperties) = preSolution
		HideSolutionNode = FALSE
	EndGlobalSection
	GlobalSection(ExtensibilityGlobals) = postSolution
		SolutionGuid = {E13C4E87-77D3-4D60-9031-8C8FCD07F681}
	EndGlobalSection
EndGlobal
